{
  "object": {
    "pins": [
      {
        "package": "Stubber",
        "repositoryURL": "https://github.com/devxoul/Stubber.git",
        "state": {
          "branch": null,
          "revision": "2a9b0acf6af7ea0a77e1cd051243aba8823ceddf",
          "version": "1.4.0"
        }
      }
    ]
  },
  "version": 1
}
